// !$*UTF8*$!
{
	archiveVersion = 1;
	classes = {
	};
	objectVersion = 46;
	objects = {

/* Begin PBXBuildFile section */
		742D90011F1CF7A4000B656E /* AppDelegate.swift in Sources */ = {isa = PBXBuildFile; fileRef = 742D90001F1CF7A4000B656E /* AppDelegate.swift */; };
		742D90031F1CF7A4000B656E /* ViewController.swift in Sources */ = {isa = PBXBuildFile; fileRef = 742D90021F1CF7A4000B656E /* ViewController.swift */; };
		742D90061F1CF7A4000B656E /* Main.storyboard in Resources */ = {isa = PBXBuildFile; fileRef = 742D90041F1CF7A4000B656E /* Main.storyboard */; };
		742D90081F1CF7A4000B656E /* Assets.xcassets in Resources */ = {isa = PBXBuildFile; fileRef = 742D90071F1CF7A4000B656E /* Assets.xcassets */; };
		742D900B1F1CF7A4000B656E /* LaunchScreen.storyboard in Resources */ = {isa = PBXBuildFile; fileRef = 742D90091F1CF7A4000B656E /* LaunchScreen.storyboard */; };
/* End PBXBuildFile section */

/* Begin PBXFileReference section */
		742D8FFD1F1CF7A4000B656E /* inu_cafeteria.app */ = {isa = PBXFileReference; explicitFileType = wrapper.application; includeInIndex = 0; path = inu_cafeteria.app; sourceTree = BUILT_PRODUCTS_DIR; };
		742D90001F1CF7A4000B656E /* AppDelegate.swift */ = {isa = PBXFileReference; lastKnownFileType = sourcecode.swift; path = AppDelegate.swift; sourceTree = "<group>"; };
		742D90021F1CF7A4000B656E /* ViewController.swift */ = {isa = PBXFileReference; lastKnownFileType = sourcecode.swift; path = ViewController.swift; sourceTree = "<group>"; };
		742D90051F1CF7A4000B656E /* Base */ = {isa = PBXFileReference; lastKnownFileType = file.storyboard; name = Base; path = Base.lproj/Main.storyboard; sourceTree = "<group>"; };
		742D90071F1CF7A4000B656E /* Assets.xcassets */ = {isa = PBXFileReference; lastKnownFileType = folder.assetcatalog; path = Assets.xcassets; sourceTree = "<group>"; };
		742D900A1F1CF7A4000B656E /* Base */ = {isa = PBXFileReference; lastKnownFileType = file.storyboard; name = Base; path = Base.lproj/LaunchScreen.storyboard; sourceTree = "<group>"; };
		742D900C1F1CF7A4000B656E /* Info.plist */ = {isa = PBXFileReference; lastKnownFileType = text.plist.xml; path = Info.plist; sourceTree = "<group>"; };
/* End PBXFileReference section */

/* Begin PBXFrameworksBuildPhase section */
		742D8FFA1F1CF7A4000B656E /* Frameworks */ = {
			isa = PBXFrameworksBuildPhase;
			buildActionMask = 2147483647;
			files = (
			);
			runOnlyForDeploymentPostprocessing = 0;
		};
/* End PBXFrameworksBuildPhase section */

/* Begin PBXGroup section */
		742D8FF41F1CF7A4000B656E = {
			isa = PBXGroup;
			children = (
				742D8FFF1F1CF7A4000B656E /* inu_cafeteria */,
				742D8FFE1F1CF7A4000B656E /* Products */,
			);
			sourceTree = "<group>";
		};
		742D8FFE1F1CF7A4000B656E /* Products */ = {
			isa = PBXGroup;
			children = (
				742D8FFD1F1CF7A4000B656E /* inu_cafeteria.app */,
			);
			name = Products;
			sourceTree = "<group>";
		};
		742D8FFF1F1CF7A4000B656E /* inu_cafeteria */ = {
			isa = PBXGroup;
			children = (
				742D90001F1CF7A4000B656E /* AppDelegate.swift */,
				742D90021F1CF7A4000B656E /* ViewController.swift */,
				742D90041F1CF7A4000B656E /* Main.storyboard */,
				742D90071F1CF7A4000B656E /* Assets.xcassets */,
				742D90091F1CF7A4000B656E /* LaunchScreen.storyboard */,
				742D900C1F1CF7A4000B656E /* Info.plist */,
			);
			path = inu_cafeteria;
			sourceTree = "<group>";
		};
/* End PBXGroup section */

/* Begin PBXNativeTarget section */
		742D8FFC1F1CF7A4000B656E /* inu_cafeteria */ = {
			isa = PBXNativeTarget;
			buildConfigurationList = 742D900F1F1CF7A4000B656E /* Build configuration list for PBXNativeTarget "inu_cafeteria" */;
			buildPhases = (
				742D8FF91F1CF7A4000B656E /* Sources */,
				742D8FFA1F1CF7A4000B656E /* Frameworks */,
				742D8FFB1F1CF7A4000B656E /* Resources */,
			);
			buildRules = (
			);
			dependencies = (
			);
			name = inu_cafeteria;
			productName = inu_cafeteria;
			productReference = 742D8FFD1F1CF7A4000B656E /* inu_cafeteria.app */;
			productType = "com.apple.product-type.application";
		};
/* End PBXNativeTarget section */

/* Begin PBXProject section */
		742D8FF51F1CF7A4000B656E /* Project object */ = {
			isa = PBXProject;
			attributes = {
				LastSwiftUpdateCheck = 0830;
				LastUpgradeCheck = 0830;
				ORGANIZATIONNAME = appcenter;
				TargetAttributes = {
					742D8FFC1F1CF7A4000B656E = {
						CreatedOnToolsVersion = 8.3;
						DevelopmentTeam = AANGG4Q668;
						ProvisioningStyle = Automatic;
					};
				};
			};
			buildConfigurationList = 742D8FF81F1CF7A4000B656E /* Build configuration list for PBXProject "inu_cafeteria" */;
			compatibilityVersion = "Xcode 3.2";
			developmentRegion = English;
			hasScannedForEncodings = 0;
			knownRegions = (
				en,
				Base,
			);
			mainGroup = 742D8FF41F1CF7A4000B656E;
			productRefGroup = 742D8FFE1F1CF7A4000B656E /* Products */;
			projectDirPath = "";
			projectRoot = "";
			targets = (
				742D8FFC1F1CF7A4000B656E /* inu_cafeteria */,
			);
		};
/* End PBXProject section */

/* Begin PBXResourcesBuildPhase section */
		742D8FFB1F1CF7A4000B656E /* Resources */ = {
			isa = PBXResourcesBuildPhase;
			buildActionMask = 2147483647;
			files = (
				742D900B1F1CF7A4000B656E /* LaunchScreen.storyboard in Resources */,
				742D90081F1CF7A4000B656E /* Assets.xcassets in Resources */,
				742D90061F1CF7A4000B656E /* Main.storyboard in Resources */,
			);
			runOnlyForDeploymentPostprocessing = 0;
		};
/* End PBXResourcesBuildPhase section */

/* Begin PBXSourcesBuildPhase section */
		742D8FF91F1CF7A4000B656E /* Sources */ = {
			isa = PBXSourcesBuildPhase;
			buildActionMask = 2147483647;
			files = (
				742D90031F1CF7A4000B656E /* ViewController.swift in Sources */,
				742D90011F1CF7A4000B656E /* AppDelegate.swift in Sources */,
			);
			runOnlyForDeploymentPostprocessing = 0;
		};
/* End PBXSourcesBuildPhase section */

/* Begin PBXVariantGroup section */
		742D90041F1CF7A4000B656E /* Main.storyboard */ = {
			isa = PBXVariantGroup;
			children = (
				742D90051F1CF7A4000B656E /* Base */,
			);
			name = Main.storyboard;
			sourceTree = "<group>";
		};
		742D90091F1CF7A4000B656E /* LaunchScreen.storyboard */ = {
			isa = PBXVariantGroup;
			children = (
				742D900A1F1CF7A4000B656E /* Base */,
			);
			name = LaunchScreen.storyboard;
			sourceTree = "<group>";
		};
/* End PBXVariantGroup section */

/* Begin XCBuildConfiguration section */
		742D900D1F1CF7A4000B656E /* Debug */ = {
			isa = XCBuildConfiguration;
			buildSettings = {
				ALWAYS_SEARCH_USER_PATHS = NO;
				CLANG_ANALYZER_NONNULL = YES;
				CLANG_ANALYZER_NUMBER_OBJECT_CONVERSION = YES_AGGRESSIVE;
				CLANG_CXX_LANGUAGE_STANDARD = "gnu++0x";
				CLANG_CXX_LIBRARY = "libc++";
				CLANG_ENABLE_MODULES = YES;
				CLANG_ENABLE_OBJC_ARC = YES;
				CLANG_WARN_BOOL_CONVERSION = YES;
				CLANG_WARN_CONSTANT_CONVERSION = YES;
				CLANG_WARN_DIRECT_OBJC_ISA_USAGE = YES_ERROR;
				CLANG_WARN_DOCUMENTATION_COMMENTS = YES;
				CLANG_WARN_EMPTY_BODY = YES;
				CLANG_WARN_ENUM_CONVERSION = YES;
				CLANG_WARN_INFINITE_RECURSION = YES;
				CLANG_WARN_INT_CONVERSION = YES;
				CLANG_WARN_OBJC_ROOT_CLASS = YES_ERROR;
				CLANG_WARN_SUSPICIOUS_MOVE = YES;
				CLANG_WARN_UNREACHABLE_CODE = YES;
				CLANG_WARN__DUPLICATE_METHOD_MATCH = YES;
				"CODE_SIGN_IDENTITY[sdk=iphoneos*]" = "iPhone Developer";
				COPY_PHASE_STRIP = NO;
				DEBUG_INFORMATION_FORMAT = dwarf;
				ENABLE_STRICT_OBJC_MSGSEND = YES;
				ENABLE_TESTABILITY = YES;
				GCC_C_LANGUAGE_STANDARD = gnu99;
				GCC_DYNAMIC_NO_PIC = NO;
				GCC_NO_COMMON_BLOCKS = YES;
				GCC_OPTIMIZATION_LEVEL = 0;
				GCC_PREPROCESSOR_DEFINITIONS = (
					"DEBUG=1",
					"$(inherited)",
				);
				GCC_WARN_64_TO_32_BIT_CONVERSION = YES;
				GCC_WARN_ABOUT_RETURN_TYPE = YES_ERROR;
				GCC_WARN_UNDECLARED_SELECTOR = YES;
				GCC_WARN_UNINITIALIZED_AUTOS = YES_AGGRESSIVE;
				GCC_WARN_UNUSED_FUNCTION = YES;
				GCC_WARN_UNUSED_VARIABLE = YES;
				IPHONEOS_DEPLOYMENT_TARGET = 10.3;
				MTL_ENABLE_DEBUG_INFO = YES;
				ONLY_ACTIVE_ARCH = YES;
				SDKROOT = iphoneos;
				SWIFT_ACTIVE_COMPILATION_CONDITIONS = DEBUG;
				SWIFT_OPTIMIZATION_LEVEL = "-Onone";
			};
			name = Debug;
		};
		742D900E1F1CF7A4000B656E /* Release */ = {
			isa = XCBuildConfiguration;
			buildSettings = {
				ALWAYS_SEARCH_USER_PATHS = NO;
				CLANG_ANALYZER_NONNULL = YES;
				CLANG_ANALYZER_NUMBER_OBJECT_CONVERSION = YES_AGGRESSIVE;
				CLANG_CXX_LANGUAGE_STANDARD = "gnu++0x";
				CLANG_CXX_LIBRARY = "libc++";
				CLANG_ENABLE_MODULES = YES;
				CLANG_ENABLE_OBJC_ARC = YES;
				CLANG_WARN_BOOL_CONVERSION = YES;
				CLANG_WARN_CONSTANT_CONVERSION = YES;
				CLANG_WARN_DIRECT_OBJC_ISA_USAGE = YES_ERROR;
				CLANG_WARN_DOCUMENTATION_COMMENTS = YES;
				CLANG_WARN_EMPTY_BODY = YES;
				CLANG_WARN_ENUM_CONVERSION = YES;
				CLANG_WARN_INFINITE_RECURSION = YES;
				CLANG_WARN_INT_CONVERSION = YES;
				CLANG_WARN_OBJC_ROOT_CLASS = YES_ERROR;
				CLANG_WARN_SUSPICIOUS_MOVE = YES;
				CLANG_WARN_UNREACHABLE_CODE = YES;
				CLANG_WARN__DUPLICATE_METHOD_MATCH = YES;
				"CODE_SIGN_IDENTITY[sdk=iphoneos*]" = "iPhone Developer";
				COPY_PHASE_STRIP = NO;
				DEBUG_INFORMATION_FORMAT = "dwarf-with-dsym";
				ENABLE_NS_ASSERTIONS = NO;
				ENABLE_STRICT_OBJC_MSGSEND = YES;
				GCC_C_LANGUAGE_STANDARD = gnu99;
				GCC_NO_COMMON_BLOCKS = YES;
				GCC_WARN_64_TO_32_BIT_CONVERSION = YES;
				GCC_WARN_ABOUT_RETURN_TYPE = YES_ERROR;
				GCC_WARN_UNDECLARED_SELECTOR = YES;
				GCC_WARN_UNINITIALIZED_AUTOS = YES_AGGRESSIVE;
				GCC_WARN_UNUSED_FUNCTION = YES;
				GCC_WARN_UNUSED_VARIABLE = YES;
				IPHONEOS_DEPLOYMENT_TARGET = 10.3;
				MTL_ENABLE_DEBUG_INFO = NO;
				SDKROOT = iphoneos;
				SWIFT_OPTIMIZATION_LEVEL = "-Owholemodule";
				VALIDATE_PRODUCT = YES;
			};
			name = Release;
		};
		742D90101F1CF7A4000B656E /* Debug */ = {
			isa = XCBuildConfiguration;
			buildSettings = {
				ASSETCATALOG_COMPILER_APPICON_NAME = AppIcon;
				DEVELOPMENT_TEAM = AANGG4Q668;
				INFOPLIST_FILE = inu_cafeteria/Info.plist;
				LD_RUNPATH_SEARCH_PATHS = "$(inherited) @executable_path/Frameworks";
				PRODUCT_BUNDLE_IDENTIFIER = "appcenter.inu.ac.kr.inu-cafeteria";
				PRODUCT_NAME = "$(TARGET_NAME)";
				SWIFT_VERSION = 3.0;
			};
			name = Debug;
		};
		742D90111F1CF7A4000B656E /* Release */ = {
			isa = XCBuildConfiguration;
			buildSettings = {
				ASSETCATALOG_COMPILER_APPICON_NAME = AppIcon;
				DEVELOPMENT_TEAM = AANGG4Q668;
				INFOPLIST_FILE = inu_cafeteria/Info.plist;
				LD_RUNPATH_SEARCH_PATHS = "$(inherited) @executable_path/Frameworks";
				PRODUCT_BUNDLE_IDENTIFIER = "appcenter.inu.ac.kr.inu-cafeteria";
				PRODUCT_NAME = "$(TARGET_NAME)";
				SWIFT_VERSION = 3.0;
			};
			name = Release;
		};
/* End XCBuildConfiguration section */

/* Begin XCConfigurationList section */
		742D8FF81F1CF7A4000B656E /* Build configuration list for PBXProject "inu_cafeteria" */ = {
			isa = XCConfigurationList;
			buildConfigurations = (
				742D900D1F1CF7A4000B656E /* Debug */,
				742D900E1F1CF7A4000B656E /* Release */,
			);
			defaultConfigurationIsVisible = 0;
			defaultConfigurationName = Release;
		};
		742D900F1F1CF7A4000B656E /* Build configuration list for PBXNativeTarget "inu_cafeteria" */ = {
			isa = XCConfigurationList;
			buildConfigurations = (
				742D90101F1CF7A4000B656E /* Debug */,
				742D90111F1CF7A4000B656E /* Release */,
			);
			defaultConfigurationIsVisible = 0;
		};
/* End XCConfigurationList section */
	};
	rootObject = 742D8FF51F1CF7A4000B656E /* Project object */;
}
