// !$*UTF8*$!
{
	archiveVersion = 1;
	classes = {
	};
	objectVersion = 46;
	objects = {

/* Begin PBXBuildFile section */
		741BD9181F22453600B56F30 /* Splash.storyboard in Resources */ = {isa = PBXBuildFile; fileRef = 741BD9171F22453600B56F30 /* Splash.storyboard */; };
		741BD91B1F2245DA00B56F30 /* SplashVC.swift in Sources */ = {isa = PBXBuildFile; fileRef = 741BD91A1F2245DA00B56F30 /* SplashVC.swift */; };
		742D90011F1CF7A4000B656E /* AppDelegate.swift in Sources */ = {isa = PBXBuildFile; fileRef = 742D90001F1CF7A4000B656E /* AppDelegate.swift */; };
		742D90061F1CF7A4000B656E /* Main.storyboard in Resources */ = {isa = PBXBuildFile; fileRef = 742D90041F1CF7A4000B656E /* Main.storyboard */; };
		742D90081F1CF7A4000B656E /* Assets.xcassets in Resources */ = {isa = PBXBuildFile; fileRef = 742D90071F1CF7A4000B656E /* Assets.xcassets */; };
		742D900B1F1CF7A4000B656E /* LaunchScreen.storyboard in Resources */ = {isa = PBXBuildFile; fileRef = 742D90091F1CF7A4000B656E /* LaunchScreen.storyboard */; };
		742D90141F1CF8C1000B656E /* FirstStartVC.swift in Sources */ = {isa = PBXBuildFile; fileRef = 742D90131F1CF8C1000B656E /* FirstStartVC.swift */; };
		742D901D1F1CF8F8000B656E /* Constraint.swift in Sources */ = {isa = PBXBuildFile; fileRef = 742D90161F1CF8F8000B656E /* Constraint.swift */; };
		742D901E1F1CF8F8000B656E /* Unwrapper.swift in Sources */ = {isa = PBXBuildFile; fileRef = 742D90171F1CF8F8000B656E /* Unwrapper.swift */; };
		742D901F1F1CF8F8000B656E /* DeviceUtil.swift in Sources */ = {isa = PBXBuildFile; fileRef = 742D90181F1CF8F8000B656E /* DeviceUtil.swift */; };
		742D90201F1CF8F8000B656E /* Shadow.swift in Sources */ = {isa = PBXBuildFile; fileRef = 742D90191F1CF8F8000B656E /* Shadow.swift */; };
		742D90211F1CF8F8000B656E /* Utility.swift in Sources */ = {isa = PBXBuildFile; fileRef = 742D901A1F1CF8F8000B656E /* Utility.swift */; };
		742D90221F1CF8F8000B656E /* ScheduleColor.swift in Sources */ = {isa = PBXBuildFile; fileRef = 742D901B1F1CF8F8000B656E /* ScheduleColor.swift */; };
		742D90231F1CF8F8000B656E /* Strings.swift in Sources */ = {isa = PBXBuildFile; fileRef = 742D901C1F1CF8F8000B656E /* Strings.swift */; };
		742D902B1F1CF90E000B656E /* ExtVC.swift in Sources */ = {isa = PBXBuildFile; fileRef = 742D90251F1CF90E000B656E /* ExtVC.swift */; };
		742D902C1F1CF90E000B656E /* ExtColor.swift in Sources */ = {isa = PBXBuildFile; fileRef = 742D90261F1CF90E000B656E /* ExtColor.swift */; };
		742D902D1F1CF90E000B656E /* ExtUIImage.swift in Sources */ = {isa = PBXBuildFile; fileRef = 742D90271F1CF90E000B656E /* ExtUIImage.swift */; };
		742D902E1F1CF90E000B656E /* ExtDate.swift in Sources */ = {isa = PBXBuildFile; fileRef = 742D90281F1CF90E000B656E /* ExtDate.swift */; };
		742D902F1F1CF90E000B656E /* ExtInt.swift in Sources */ = {isa = PBXBuildFile; fileRef = 742D90291F1CF90E000B656E /* ExtInt.swift */; };
		742D90301F1CF90E000B656E /* ExtTextfield.swift in Sources */ = {isa = PBXBuildFile; fileRef = 742D902A1F1CF90E000B656E /* ExtTextfield.swift */; };
		742D90351F1CF931000B656E /* NetworkModel.swift in Sources */ = {isa = PBXBuildFile; fileRef = 742D90331F1CF931000B656E /* NetworkModel.swift */; };
		742D90361F1CF931000B656E /* Network.swift in Sources */ = {isa = PBXBuildFile; fileRef = 742D90341F1CF931000B656E /* Network.swift */; };
		742D90381F1CF937000B656E /* NetworkCallback.swift in Sources */ = {isa = PBXBuildFile; fileRef = 742D90371F1CF937000B656E /* NetworkCallback.swift */; };
		742D903D1F1CFBBE000B656E /* KoPub Dotum_Pro Bold.otf in Resources */ = {isa = PBXBuildFile; fileRef = 742D903A1F1CFA9A000B656E /* KoPub Dotum_Pro Bold.otf */; };
		742D903E1F1CFBBE000B656E /* KoPub Dotum_Pro Light.otf in Resources */ = {isa = PBXBuildFile; fileRef = 742D903B1F1CFA9A000B656E /* KoPub Dotum_Pro Light.otf */; };
		742D903F1F1CFBBE000B656E /* KoPub Dotum_Pro Medium.otf in Resources */ = {isa = PBXBuildFile; fileRef = 742D903C1F1CFA9A000B656E /* KoPub Dotum_Pro Medium.otf */; };
		742D90411F1DB5FA000B656E /* GoogleService-Info.plist in Resources */ = {isa = PBXBuildFile; fileRef = 742D90401F1DB5FA000B656E /* GoogleService-Info.plist */; };
		742D90441F1E38E8000B656E /* LoginVC.swift in Sources */ = {isa = PBXBuildFile; fileRef = 742D90431F1E38E8000B656E /* LoginVC.swift */; };
		742D90461F1E43E2000B656E /* HomeVC.swift in Sources */ = {isa = PBXBuildFile; fileRef = 742D90451F1E43E2000B656E /* HomeVC.swift */; };
		742D90481F1E441D000B656E /* DefaultNC.swift in Sources */ = {isa = PBXBuildFile; fileRef = 742D90471F1E441D000B656E /* DefaultNC.swift */; };
		742D904C1F1E4957000B656E /* iCarousel.m in Sources */ = {isa = PBXBuildFile; fileRef = 742D904B1F1E4957000B656E /* iCarousel.m */; };
		742D904E1F1E497E000B656E /* QuartzCore.framework in Frameworks */ = {isa = PBXBuildFile; fileRef = 742D904D1F1E497E000B656E /* QuartzCore.framework */; };
		742D90501F1E53AC000B656E /* MyNumberVC.swift in Sources */ = {isa = PBXBuildFile; fileRef = 742D904F1F1E53AC000B656E /* MyNumberVC.swift */; };
		742D90521F1E5D3F000B656E /* DrawerVC.swift in Sources */ = {isa = PBXBuildFile; fileRef = 742D90511F1E5D3F000B656E /* DrawerVC.swift */; };
		742D90541F1E61CF000B656E /* NumberModel.swift in Sources */ = {isa = PBXBuildFile; fileRef = 742D90531F1E61CF000B656E /* NumberModel.swift */; };
		745E68C21F21CA6600D0C0A5 /* IndicatorClass.swift in Sources */ = {isa = PBXBuildFile; fileRef = 745E68C11F21CA6600D0C0A5 /* IndicatorClass.swift */; };
		747C10541F231F4700C195A9 /* LoginModel.swift in Sources */ = {isa = PBXBuildFile; fileRef = 747C10531F231F4700C195A9 /* LoginModel.swift */; };
		747C10581F248BD500C195A9 /* Barcode.swift in Sources */ = {isa = PBXBuildFile; fileRef = 747C10571F248BD500C195A9 /* Barcode.swift */; };
		747C105B1F2A388200C195A9 /* LoginObject.swift in Sources */ = {isa = PBXBuildFile; fileRef = 747C105A1F2A388200C195A9 /* LoginObject.swift */; };
		747C105D1F2A3B9F00C195A9 /* FlagModel.swift in Sources */ = {isa = PBXBuildFile; fileRef = 747C105C1F2A3B9F00C195A9 /* FlagModel.swift */; };
		74E4330B1F1F1C230081AE08 /* BarcodeVC.swift in Sources */ = {isa = PBXBuildFile; fileRef = 74E4330A1F1F1C230081AE08 /* BarcodeVC.swift */; };
		EE675D3C3CBA6DD98E62C7C6 /* Pods_inu_cafeteria.framework in Frameworks */ = {isa = PBXBuildFile; fileRef = 8CB53F6A7C5EE08F3F06A529 /* Pods_inu_cafeteria.framework */; };
/* End PBXBuildFile section */

/* Begin PBXFileReference section */
		2243B7A300FDCBCAA2CA145C /* Pods-inu_cafeteria.release.xcconfig */ = {isa = PBXFileReference; includeInIndex = 1; lastKnownFileType = text.xcconfig; name = "Pods-inu_cafeteria.release.xcconfig"; path = "Pods/Target Support Files/Pods-inu_cafeteria/Pods-inu_cafeteria.release.xcconfig"; sourceTree = "<group>"; };
		741BD9171F22453600B56F30 /* Splash.storyboard */ = {isa = PBXFileReference; fileEncoding = 4; lastKnownFileType = file.storyboard; path = Splash.storyboard; sourceTree = "<group>"; };
		741BD91A1F2245DA00B56F30 /* SplashVC.swift */ = {isa = PBXFileReference; fileEncoding = 4; lastKnownFileType = sourcecode.swift; path = SplashVC.swift; sourceTree = "<group>"; };
		742D8FFD1F1CF7A4000B656E /* inu_cafeteria.app */ = {isa = PBXFileReference; explicitFileType = wrapper.application; includeInIndex = 0; path = inu_cafeteria.app; sourceTree = BUILT_PRODUCTS_DIR; };
		742D90001F1CF7A4000B656E /* AppDelegate.swift */ = {isa = PBXFileReference; lastKnownFileType = sourcecode.swift; path = AppDelegate.swift; sourceTree = "<group>"; };
		742D90051F1CF7A4000B656E /* Base */ = {isa = PBXFileReference; lastKnownFileType = file.storyboard; name = Base; path = Base.lproj/Main.storyboard; sourceTree = "<group>"; };
		742D90071F1CF7A4000B656E /* Assets.xcassets */ = {isa = PBXFileReference; lastKnownFileType = folder.assetcatalog; path = Assets.xcassets; sourceTree = "<group>"; };
		742D900A1F1CF7A4000B656E /* Base */ = {isa = PBXFileReference; lastKnownFileType = file.storyboard; name = Base; path = Base.lproj/LaunchScreen.storyboard; sourceTree = "<group>"; };
		742D900C1F1CF7A4000B656E /* Info.plist */ = {isa = PBXFileReference; lastKnownFileType = text.plist.xml; path = Info.plist; sourceTree = "<group>"; };
		742D90131F1CF8C1000B656E /* FirstStartVC.swift */ = {isa = PBXFileReference; fileEncoding = 4; lastKnownFileType = sourcecode.swift; path = FirstStartVC.swift; sourceTree = "<group>"; };
		742D90161F1CF8F8000B656E /* Constraint.swift */ = {isa = PBXFileReference; fileEncoding = 4; lastKnownFileType = sourcecode.swift; path = Constraint.swift; sourceTree = "<group>"; };
		742D90171F1CF8F8000B656E /* Unwrapper.swift */ = {isa = PBXFileReference; fileEncoding = 4; lastKnownFileType = sourcecode.swift; path = Unwrapper.swift; sourceTree = "<group>"; };
		742D90181F1CF8F8000B656E /* DeviceUtil.swift */ = {isa = PBXFileReference; fileEncoding = 4; lastKnownFileType = sourcecode.swift; path = DeviceUtil.swift; sourceTree = "<group>"; };
		742D90191F1CF8F8000B656E /* Shadow.swift */ = {isa = PBXFileReference; fileEncoding = 4; lastKnownFileType = sourcecode.swift; path = Shadow.swift; sourceTree = "<group>"; };
		742D901A1F1CF8F8000B656E /* Utility.swift */ = {isa = PBXFileReference; fileEncoding = 4; lastKnownFileType = sourcecode.swift; path = Utility.swift; sourceTree = "<group>"; };
		742D901B1F1CF8F8000B656E /* ScheduleColor.swift */ = {isa = PBXFileReference; fileEncoding = 4; lastKnownFileType = sourcecode.swift; path = ScheduleColor.swift; sourceTree = "<group>"; };
		742D901C1F1CF8F8000B656E /* Strings.swift */ = {isa = PBXFileReference; fileEncoding = 4; lastKnownFileType = sourcecode.swift; path = Strings.swift; sourceTree = "<group>"; };
		742D90251F1CF90E000B656E /* ExtVC.swift */ = {isa = PBXFileReference; fileEncoding = 4; lastKnownFileType = sourcecode.swift; path = ExtVC.swift; sourceTree = "<group>"; };
		742D90261F1CF90E000B656E /* ExtColor.swift */ = {isa = PBXFileReference; fileEncoding = 4; lastKnownFileType = sourcecode.swift; path = ExtColor.swift; sourceTree = "<group>"; };
		742D90271F1CF90E000B656E /* ExtUIImage.swift */ = {isa = PBXFileReference; fileEncoding = 4; lastKnownFileType = sourcecode.swift; path = ExtUIImage.swift; sourceTree = "<group>"; };
		742D90281F1CF90E000B656E /* ExtDate.swift */ = {isa = PBXFileReference; fileEncoding = 4; lastKnownFileType = sourcecode.swift; path = ExtDate.swift; sourceTree = "<group>"; };
		742D90291F1CF90E000B656E /* ExtInt.swift */ = {isa = PBXFileReference; fileEncoding = 4; lastKnownFileType = sourcecode.swift; path = ExtInt.swift; sourceTree = "<group>"; };
		742D902A1F1CF90E000B656E /* ExtTextfield.swift */ = {isa = PBXFileReference; fileEncoding = 4; lastKnownFileType = sourcecode.swift; path = ExtTextfield.swift; sourceTree = "<group>"; };
		742D90331F1CF931000B656E /* NetworkModel.swift */ = {isa = PBXFileReference; fileEncoding = 4; lastKnownFileType = sourcecode.swift; path = NetworkModel.swift; sourceTree = "<group>"; };
		742D90341F1CF931000B656E /* Network.swift */ = {isa = PBXFileReference; fileEncoding = 4; lastKnownFileType = sourcecode.swift; path = Network.swift; sourceTree = "<group>"; };
		742D90371F1CF937000B656E /* NetworkCallback.swift */ = {isa = PBXFileReference; fileEncoding = 4; lastKnownFileType = sourcecode.swift; path = NetworkCallback.swift; sourceTree = "<group>"; };
		742D903A1F1CFA9A000B656E /* KoPub Dotum_Pro Bold.otf */ = {isa = PBXFileReference; lastKnownFileType = file; path = "KoPub Dotum_Pro Bold.otf"; sourceTree = "<group>"; };
		742D903B1F1CFA9A000B656E /* KoPub Dotum_Pro Light.otf */ = {isa = PBXFileReference; lastKnownFileType = file; path = "KoPub Dotum_Pro Light.otf"; sourceTree = "<group>"; };
		742D903C1F1CFA9A000B656E /* KoPub Dotum_Pro Medium.otf */ = {isa = PBXFileReference; lastKnownFileType = file; path = "KoPub Dotum_Pro Medium.otf"; sourceTree = "<group>"; };
		742D90401F1DB5FA000B656E /* GoogleService-Info.plist */ = {isa = PBXFileReference; fileEncoding = 4; lastKnownFileType = text.plist.xml; path = "GoogleService-Info.plist"; sourceTree = "<group>"; };
		742D90421F1DBC45000B656E /* inu_cafeteria.entitlements */ = {isa = PBXFileReference; lastKnownFileType = text.plist.entitlements; path = inu_cafeteria.entitlements; sourceTree = "<group>"; };
		742D90431F1E38E8000B656E /* LoginVC.swift */ = {isa = PBXFileReference; fileEncoding = 4; lastKnownFileType = sourcecode.swift; path = LoginVC.swift; sourceTree = "<group>"; };
		742D90451F1E43E2000B656E /* HomeVC.swift */ = {isa = PBXFileReference; fileEncoding = 4; lastKnownFileType = sourcecode.swift; path = HomeVC.swift; sourceTree = "<group>"; };
		742D90471F1E441D000B656E /* DefaultNC.swift */ = {isa = PBXFileReference; fileEncoding = 4; lastKnownFileType = sourcecode.swift; path = DefaultNC.swift; sourceTree = "<group>"; };
		742D90491F1E4957000B656E /* inu_cafeteria-Bridging-Header.h */ = {isa = PBXFileReference; lastKnownFileType = sourcecode.c.h; path = "inu_cafeteria-Bridging-Header.h"; sourceTree = "<group>"; };
		742D904A1F1E4957000B656E /* iCarousel.h */ = {isa = PBXFileReference; fileEncoding = 4; lastKnownFileType = sourcecode.c.h; path = iCarousel.h; sourceTree = "<group>"; };
		742D904B1F1E4957000B656E /* iCarousel.m */ = {isa = PBXFileReference; fileEncoding = 4; lastKnownFileType = sourcecode.c.objc; path = iCarousel.m; sourceTree = "<group>"; };
		742D904D1F1E497E000B656E /* QuartzCore.framework */ = {isa = PBXFileReference; lastKnownFileType = wrapper.framework; name = QuartzCore.framework; path = System/Library/Frameworks/QuartzCore.framework; sourceTree = SDKROOT; };
		742D904F1F1E53AC000B656E /* MyNumberVC.swift */ = {isa = PBXFileReference; fileEncoding = 4; lastKnownFileType = sourcecode.swift; path = MyNumberVC.swift; sourceTree = "<group>"; };
		742D90511F1E5D3F000B656E /* DrawerVC.swift */ = {isa = PBXFileReference; fileEncoding = 4; lastKnownFileType = sourcecode.swift; path = DrawerVC.swift; sourceTree = "<group>"; };
		742D90531F1E61CF000B656E /* NumberModel.swift */ = {isa = PBXFileReference; fileEncoding = 4; lastKnownFileType = sourcecode.swift; path = NumberModel.swift; sourceTree = "<group>"; };
		745E68C11F21CA6600D0C0A5 /* IndicatorClass.swift */ = {isa = PBXFileReference; fileEncoding = 4; lastKnownFileType = sourcecode.swift; path = IndicatorClass.swift; sourceTree = "<group>"; };
		747C10531F231F4700C195A9 /* LoginModel.swift */ = {isa = PBXFileReference; fileEncoding = 4; lastKnownFileType = sourcecode.swift; path = LoginModel.swift; sourceTree = "<group>"; };
		747C10571F248BD500C195A9 /* Barcode.swift */ = {isa = PBXFileReference; fileEncoding = 4; lastKnownFileType = sourcecode.swift; path = Barcode.swift; sourceTree = "<group>"; };
		747C105A1F2A388200C195A9 /* LoginObject.swift */ = {isa = PBXFileReference; fileEncoding = 4; lastKnownFileType = sourcecode.swift; path = LoginObject.swift; sourceTree = "<group>"; };
		747C105C1F2A3B9F00C195A9 /* FlagModel.swift */ = {isa = PBXFileReference; fileEncoding = 4; lastKnownFileType = sourcecode.swift; path = FlagModel.swift; sourceTree = "<group>"; };
		74E4330A1F1F1C230081AE08 /* BarcodeVC.swift */ = {isa = PBXFileReference; fileEncoding = 4; lastKnownFileType = sourcecode.swift; path = BarcodeVC.swift; sourceTree = "<group>"; };
		8CB53F6A7C5EE08F3F06A529 /* Pods_inu_cafeteria.framework */ = {isa = PBXFileReference; explicitFileType = wrapper.framework; includeInIndex = 0; path = Pods_inu_cafeteria.framework; sourceTree = BUILT_PRODUCTS_DIR; };
		CAC391EA048ECBD595D9E381 /* Pods-inu_cafeteria.debug.xcconfig */ = {isa = PBXFileReference; includeInIndex = 1; lastKnownFileType = text.xcconfig; name = "Pods-inu_cafeteria.debug.xcconfig"; path = "Pods/Target Support Files/Pods-inu_cafeteria/Pods-inu_cafeteria.debug.xcconfig"; sourceTree = "<group>"; };
/* End PBXFileReference section */

/* Begin PBXFrameworksBuildPhase section */
		742D8FFA1F1CF7A4000B656E /* Frameworks */ = {
			isa = PBXFrameworksBuildPhase;
			buildActionMask = 2147483647;
			files = (
				742D904E1F1E497E000B656E /* QuartzCore.framework in Frameworks */,
				EE675D3C3CBA6DD98E62C7C6 /* Pods_inu_cafeteria.framework in Frameworks */,
			);
			runOnlyForDeploymentPostprocessing = 0;
		};
/* End PBXFrameworksBuildPhase section */

/* Begin PBXGroup section */
		52DFDF437E936AF629C3C19F /* Frameworks */ = {
			isa = PBXGroup;
			children = (
				742D904D1F1E497E000B656E /* QuartzCore.framework */,
				8CB53F6A7C5EE08F3F06A529 /* Pods_inu_cafeteria.framework */,
			);
			name = Frameworks;
			sourceTree = "<group>";
		};
		59EF53CE0F9A6A056A306F1C /* Pods */ = {
			isa = PBXGroup;
			children = (
				CAC391EA048ECBD595D9E381 /* Pods-inu_cafeteria.debug.xcconfig */,
				2243B7A300FDCBCAA2CA145C /* Pods-inu_cafeteria.release.xcconfig */,
			);
			name = Pods;
			sourceTree = "<group>";
		};
		741BD9191F22456A00B56F30 /* Storyboard */ = {
			isa = PBXGroup;
			children = (
				741BD9171F22453600B56F30 /* Splash.storyboard */,
				742D90041F1CF7A4000B656E /* Main.storyboard */,
			);
			name = Storyboard;
			sourceTree = "<group>";
		};
		742D8FF41F1CF7A4000B656E = {
			isa = PBXGroup;
			children = (
				742D8FFF1F1CF7A4000B656E /* inu_cafeteria */,
				742D8FFE1F1CF7A4000B656E /* Products */,
				59EF53CE0F9A6A056A306F1C /* Pods */,
				52DFDF437E936AF629C3C19F /* Frameworks */,
			);
			sourceTree = "<group>";
		};
		742D8FFE1F1CF7A4000B656E /* Products */ = {
			isa = PBXGroup;
			children = (
				742D8FFD1F1CF7A4000B656E /* inu_cafeteria.app */,
			);
			name = Products;
			sourceTree = "<group>";
		};
		742D8FFF1F1CF7A4000B656E /* inu_cafeteria */ = {
			isa = PBXGroup;
			children = (
				742D90121F1CF8A9000B656E /* VC */,
				742D90321F1CF91D000B656E /* Protocol */,
				742D90311F1CF91A000B656E /* Network */,
				742D90241F1CF904000B656E /* Extension */,
				747C10591F2A387200C195A9 /* Model */,
				742D90151F1CF8EE000B656E /* Utils */,
				742D90001F1CF7A4000B656E /* AppDelegate.swift */,
				742D90391F1CFA82000B656E /* Font */,
				741BD9191F22456A00B56F30 /* Storyboard */,
				742D90071F1CF7A4000B656E /* Assets.xcassets */,
				742D90091F1CF7A4000B656E /* LaunchScreen.storyboard */,
				742D900C1F1CF7A4000B656E /* Info.plist */,
				742D90401F1DB5FA000B656E /* GoogleService-Info.plist */,
				742D904A1F1E4957000B656E /* iCarousel.h */,
				742D904B1F1E4957000B656E /* iCarousel.m */,
				742D90421F1DBC45000B656E /* inu_cafeteria.entitlements */,
				742D90491F1E4957000B656E /* inu_cafeteria-Bridging-Header.h */,
			);
			path = inu_cafeteria;
			sourceTree = "<group>";
		};
		742D90121F1CF8A9000B656E /* VC */ = {
			isa = PBXGroup;
			children = (
				742D90131F1CF8C1000B656E /* FirstStartVC.swift */,
				742D90431F1E38E8000B656E /* LoginVC.swift */,
				742D90451F1E43E2000B656E /* HomeVC.swift */,
				742D904F1F1E53AC000B656E /* MyNumberVC.swift */,
				742D90471F1E441D000B656E /* DefaultNC.swift */,
				742D90511F1E5D3F000B656E /* DrawerVC.swift */,
				74E4330A1F1F1C230081AE08 /* BarcodeVC.swift */,
				741BD91A1F2245DA00B56F30 /* SplashVC.swift */,
			);
			name = VC;
			sourceTree = "<group>";
		};
		742D90151F1CF8EE000B656E /* Utils */ = {
			isa = PBXGroup;
			children = (
				745E68C11F21CA6600D0C0A5 /* IndicatorClass.swift */,
				742D90161F1CF8F8000B656E /* Constraint.swift */,
				742D90171F1CF8F8000B656E /* Unwrapper.swift */,
				742D90181F1CF8F8000B656E /* DeviceUtil.swift */,
				742D90191F1CF8F8000B656E /* Shadow.swift */,
				742D901A1F1CF8F8000B656E /* Utility.swift */,
				742D901B1F1CF8F8000B656E /* ScheduleColor.swift */,
				742D901C1F1CF8F8000B656E /* Strings.swift */,
				747C10571F248BD500C195A9 /* Barcode.swift */,
			);
			name = Utils;
			sourceTree = "<group>";
		};
		742D90241F1CF904000B656E /* Extension */ = {
			isa = PBXGroup;
			children = (
				742D90251F1CF90E000B656E /* ExtVC.swift */,
				742D90261F1CF90E000B656E /* ExtColor.swift */,
				742D90271F1CF90E000B656E /* ExtUIImage.swift */,
				742D90281F1CF90E000B656E /* ExtDate.swift */,
				742D90291F1CF90E000B656E /* ExtInt.swift */,
				742D902A1F1CF90E000B656E /* ExtTextfield.swift */,
			);
			name = Extension;
			sourceTree = "<group>";
		};
		742D90311F1CF91A000B656E /* Network */ = {
			isa = PBXGroup;
			children = (
				742D90331F1CF931000B656E /* NetworkModel.swift */,
				742D90341F1CF931000B656E /* Network.swift */,
				742D90531F1E61CF000B656E /* NumberModel.swift */,
				747C10531F231F4700C195A9 /* LoginModel.swift */,
				747C105C1F2A3B9F00C195A9 /* FlagModel.swift */,
			);
			name = Network;
			sourceTree = "<group>";
		};
		742D90321F1CF91D000B656E /* Protocol */ = {
			isa = PBXGroup;
			children = (
				742D90371F1CF937000B656E /* NetworkCallback.swift */,
			);
			name = Protocol;
			sourceTree = "<group>";
		};
		742D90391F1CFA82000B656E /* Font */ = {
			isa = PBXGroup;
			children = (
				742D903A1F1CFA9A000B656E /* KoPub Dotum_Pro Bold.otf */,
				742D903B1F1CFA9A000B656E /* KoPub Dotum_Pro Light.otf */,
				742D903C1F1CFA9A000B656E /* KoPub Dotum_Pro Medium.otf */,
			);
			name = Font;
			sourceTree = "<group>";
		};
		747C10591F2A387200C195A9 /* Model */ = {
			isa = PBXGroup;
			children = (
				747C105A1F2A388200C195A9 /* LoginObject.swift */,
			);
			name = Model;
			sourceTree = "<group>";
		};
/* End PBXGroup section */

/* Begin PBXNativeTarget section */
		742D8FFC1F1CF7A4000B656E /* inu_cafeteria */ = {
			isa = PBXNativeTarget;
			buildConfigurationList = 742D900F1F1CF7A4000B656E /* Build configuration list for PBXNativeTarget "inu_cafeteria" */;
			buildPhases = (
				B7092C1950EB8AD6F6A114CC /* [CP] Check Pods Manifest.lock */,
				742D8FF91F1CF7A4000B656E /* Sources */,
				742D8FFA1F1CF7A4000B656E /* Frameworks */,
				742D8FFB1F1CF7A4000B656E /* Resources */,
				DEA326F19448FD24DA144683 /* [CP] Embed Pods Frameworks */,
				8713666049F64F236536BFA4 /* [CP] Copy Pods Resources */,
			);
			buildRules = (
			);
			dependencies = (
			);
			name = inu_cafeteria;
			productName = inu_cafeteria;
			productReference = 742D8FFD1F1CF7A4000B656E /* inu_cafeteria.app */;
			productType = "com.apple.product-type.application";
		};
/* End PBXNativeTarget section */

/* Begin PBXProject section */
		742D8FF51F1CF7A4000B656E /* Project object */ = {
			isa = PBXProject;
			attributes = {
				LastSwiftUpdateCheck = 0830;
				LastUpgradeCheck = 0830;
				ORGANIZATIONNAME = appcenter;
				TargetAttributes = {
					742D8FFC1F1CF7A4000B656E = {
						CreatedOnToolsVersion = 8.3;
						DevelopmentTeam = AANGG4Q668;
						LastSwiftMigration = 0830;
						ProvisioningStyle = Automatic;
						SystemCapabilities = {
							com.apple.BackgroundModes = {
								enabled = 1;
							};
							com.apple.Push = {
								enabled = 1;
							};
						};
					};
				};
			};
			buildConfigurationList = 742D8FF81F1CF7A4000B656E /* Build configuration list for PBXProject "inu_cafeteria" */;
			compatibilityVersion = "Xcode 3.2";
			developmentRegion = English;
			hasScannedForEncodings = 0;
			knownRegions = (
				en,
				Base,
			);
			mainGroup = 742D8FF41F1CF7A4000B656E;
			productRefGroup = 742D8FFE1F1CF7A4000B656E /* Products */;
			projectDirPath = "";
			projectRoot = "";
			targets = (
				742D8FFC1F1CF7A4000B656E /* inu_cafeteria */,
			);
		};
/* End PBXProject section */

/* Begin PBXResourcesBuildPhase section */
		742D8FFB1F1CF7A4000B656E /* Resources */ = {
			isa = PBXResourcesBuildPhase;
			buildActionMask = 2147483647;
			files = (
				742D903D1F1CFBBE000B656E /* KoPub Dotum_Pro Bold.otf in Resources */,
				742D903E1F1CFBBE000B656E /* KoPub Dotum_Pro Light.otf in Resources */,
				742D903F1F1CFBBE000B656E /* KoPub Dotum_Pro Medium.otf in Resources */,
				741BD9181F22453600B56F30 /* Splash.storyboard in Resources */,
				742D900B1F1CF7A4000B656E /* LaunchScreen.storyboard in Resources */,
				742D90081F1CF7A4000B656E /* Assets.xcassets in Resources */,
				742D90061F1CF7A4000B656E /* Main.storyboard in Resources */,
				742D90411F1DB5FA000B656E /* GoogleService-Info.plist in Resources */,
			);
			runOnlyForDeploymentPostprocessing = 0;
		};
/* End PBXResourcesBuildPhase section */

/* Begin PBXShellScriptBuildPhase section */
		8713666049F64F236536BFA4 /* [CP] Copy Pods Resources */ = {
			isa = PBXShellScriptBuildPhase;
			buildActionMask = 2147483647;
			files = (
			);
			inputPaths = (
			);
			name = "[CP] Copy Pods Resources";
			outputPaths = (
			);
			runOnlyForDeploymentPostprocessing = 0;
			shellPath = /bin/sh;
			shellScript = "\"${SRCROOT}/Pods/Target Support Files/Pods-inu_cafeteria/Pods-inu_cafeteria-resources.sh\"\n";
			showEnvVarsInLog = 0;
		};
		B7092C1950EB8AD6F6A114CC /* [CP] Check Pods Manifest.lock */ = {
			isa = PBXShellScriptBuildPhase;
			buildActionMask = 2147483647;
			files = (
			);
			inputPaths = (
			);
			name = "[CP] Check Pods Manifest.lock";
			outputPaths = (
			);
			runOnlyForDeploymentPostprocessing = 0;
			shellPath = /bin/sh;
			shellScript = "diff \"${PODS_ROOT}/../Podfile.lock\" \"${PODS_ROOT}/Manifest.lock\" > /dev/null\nif [ $? != 0 ] ; then\n    # print error to STDERR\n    echo \"error: The sandbox is not in sync with the Podfile.lock. Run 'pod install' or update your CocoaPods installation.\" >&2\n    exit 1\nfi\n";
			showEnvVarsInLog = 0;
		};
		DEA326F19448FD24DA144683 /* [CP] Embed Pods Frameworks */ = {
			isa = PBXShellScriptBuildPhase;
			buildActionMask = 2147483647;
			files = (
			);
			inputPaths = (
			);
			name = "[CP] Embed Pods Frameworks";
			outputPaths = (
			);
			runOnlyForDeploymentPostprocessing = 0;
			shellPath = /bin/sh;
			shellScript = "\"${SRCROOT}/Pods/Target Support Files/Pods-inu_cafeteria/Pods-inu_cafeteria-frameworks.sh\"\n";
			showEnvVarsInLog = 0;
		};
/* End PBXShellScriptBuildPhase section */

/* Begin PBXSourcesBuildPhase section */
		742D8FF91F1CF7A4000B656E /* Sources */ = {
			isa = PBXSourcesBuildPhase;
			buildActionMask = 2147483647;
			files = (
				742D90501F1E53AC000B656E /* MyNumberVC.swift in Sources */,
				742D90211F1CF8F8000B656E /* Utility.swift in Sources */,
				742D90541F1E61CF000B656E /* NumberModel.swift in Sources */,
				742D90461F1E43E2000B656E /* HomeVC.swift in Sources */,
				742D90301F1CF90E000B656E /* ExtTextfield.swift in Sources */,
				742D90231F1CF8F8000B656E /* Strings.swift in Sources */,
				742D90441F1E38E8000B656E /* LoginVC.swift in Sources */,
				74E4330B1F1F1C230081AE08 /* BarcodeVC.swift in Sources */,
				747C10581F248BD500C195A9 /* Barcode.swift in Sources */,
				742D902C1F1CF90E000B656E /* ExtColor.swift in Sources */,
				742D90521F1E5D3F000B656E /* DrawerVC.swift in Sources */,
				742D902F1F1CF90E000B656E /* ExtInt.swift in Sources */,
				742D90381F1CF937000B656E /* NetworkCallback.swift in Sources */,
				747C105B1F2A388200C195A9 /* LoginObject.swift in Sources */,
				742D902B1F1CF90E000B656E /* ExtVC.swift in Sources */,
				741BD91B1F2245DA00B56F30 /* SplashVC.swift in Sources */,
				742D901D1F1CF8F8000B656E /* Constraint.swift in Sources */,
				742D90481F1E441D000B656E /* DefaultNC.swift in Sources */,
				742D902E1F1CF90E000B656E /* ExtDate.swift in Sources */,
				742D90351F1CF931000B656E /* NetworkModel.swift in Sources */,
				742D90221F1CF8F8000B656E /* ScheduleColor.swift in Sources */,
				747C105D1F2A3B9F00C195A9 /* FlagModel.swift in Sources */,
				742D90361F1CF931000B656E /* Network.swift in Sources */,
				742D904C1F1E4957000B656E /* iCarousel.m in Sources */,
				742D90141F1CF8C1000B656E /* FirstStartVC.swift in Sources */,
				745E68C21F21CA6600D0C0A5 /* IndicatorClass.swift in Sources */,
				747C10541F231F4700C195A9 /* LoginModel.swift in Sources */,
				742D901E1F1CF8F8000B656E /* Unwrapper.swift in Sources */,
				742D90201F1CF8F8000B656E /* Shadow.swift in Sources */,
				742D902D1F1CF90E000B656E /* ExtUIImage.swift in Sources */,
				742D901F1F1CF8F8000B656E /* DeviceUtil.swift in Sources */,
				742D90011F1CF7A4000B656E /* AppDelegate.swift in Sources */,
			);
			runOnlyForDeploymentPostprocessing = 0;
		};
/* End PBXSourcesBuildPhase section */

/* Begin PBXVariantGroup section */
		742D90041F1CF7A4000B656E /* Main.storyboard */ = {
			isa = PBXVariantGroup;
			children = (
				742D90051F1CF7A4000B656E /* Base */,
			);
			name = Main.storyboard;
			sourceTree = "<group>";
		};
		742D90091F1CF7A4000B656E /* LaunchScreen.storyboard */ = {
			isa = PBXVariantGroup;
			children = (
				742D900A1F1CF7A4000B656E /* Base */,
			);
			name = LaunchScreen.storyboard;
			sourceTree = "<group>";
		};
/* End PBXVariantGroup section */

/* Begin XCBuildConfiguration section */
		742D900D1F1CF7A4000B656E /* Debug */ = {
			isa = XCBuildConfiguration;
			buildSettings = {
				ALWAYS_SEARCH_USER_PATHS = NO;
				CLANG_ANALYZER_NONNULL = YES;
				CLANG_ANALYZER_NUMBER_OBJECT_CONVERSION = YES_AGGRESSIVE;
				CLANG_CXX_LANGUAGE_STANDARD = "gnu++0x";
				CLANG_CXX_LIBRARY = "libc++";
				CLANG_ENABLE_MODULES = YES;
				CLANG_ENABLE_OBJC_ARC = YES;
				CLANG_WARN_BOOL_CONVERSION = YES;
				CLANG_WARN_CONSTANT_CONVERSION = YES;
				CLANG_WARN_DIRECT_OBJC_ISA_USAGE = YES_ERROR;
				CLANG_WARN_DOCUMENTATION_COMMENTS = YES;
				CLANG_WARN_EMPTY_BODY = YES;
				CLANG_WARN_ENUM_CONVERSION = YES;
				CLANG_WARN_INFINITE_RECURSION = YES;
				CLANG_WARN_INT_CONVERSION = YES;
				CLANG_WARN_OBJC_ROOT_CLASS = YES_ERROR;
				CLANG_WARN_SUSPICIOUS_MOVE = YES;
				CLANG_WARN_UNREACHABLE_CODE = YES;
				CLANG_WARN__DUPLICATE_METHOD_MATCH = YES;
				"CODE_SIGN_IDENTITY[sdk=iphoneos*]" = "iPhone Developer";
				COPY_PHASE_STRIP = NO;
				DEBUG_INFORMATION_FORMAT = dwarf;
				ENABLE_STRICT_OBJC_MSGSEND = YES;
				ENABLE_TESTABILITY = YES;
				GCC_C_LANGUAGE_STANDARD = gnu99;
				GCC_DYNAMIC_NO_PIC = NO;
				GCC_NO_COMMON_BLOCKS = YES;
				GCC_OPTIMIZATION_LEVEL = 0;
				GCC_PREPROCESSOR_DEFINITIONS = (
					"DEBUG=1",
					"$(inherited)",
				);
				GCC_WARN_64_TO_32_BIT_CONVERSION = YES;
				GCC_WARN_ABOUT_RETURN_TYPE = YES_ERROR;
				GCC_WARN_UNDECLARED_SELECTOR = YES;
				GCC_WARN_UNINITIALIZED_AUTOS = YES_AGGRESSIVE;
				GCC_WARN_UNUSED_FUNCTION = YES;
				GCC_WARN_UNUSED_VARIABLE = YES;
				IPHONEOS_DEPLOYMENT_TARGET = 10.3;
				MTL_ENABLE_DEBUG_INFO = YES;
				ONLY_ACTIVE_ARCH = YES;
				SDKROOT = iphoneos;
				SWIFT_ACTIVE_COMPILATION_CONDITIONS = DEBUG;
				SWIFT_OPTIMIZATION_LEVEL = "-Onone";
			};
			name = Debug;
		};
		742D900E1F1CF7A4000B656E /* Release */ = {
			isa = XCBuildConfiguration;
			buildSettings = {
				ALWAYS_SEARCH_USER_PATHS = NO;
				CLANG_ANALYZER_NONNULL = YES;
				CLANG_ANALYZER_NUMBER_OBJECT_CONVERSION = YES_AGGRESSIVE;
				CLANG_CXX_LANGUAGE_STANDARD = "gnu++0x";
				CLANG_CXX_LIBRARY = "libc++";
				CLANG_ENABLE_MODULES = YES;
				CLANG_ENABLE_OBJC_ARC = YES;
				CLANG_WARN_BOOL_CONVERSION = YES;
				CLANG_WARN_CONSTANT_CONVERSION = YES;
				CLANG_WARN_DIRECT_OBJC_ISA_USAGE = YES_ERROR;
				CLANG_WARN_DOCUMENTATION_COMMENTS = YES;
				CLANG_WARN_EMPTY_BODY = YES;
				CLANG_WARN_ENUM_CONVERSION = YES;
				CLANG_WARN_INFINITE_RECURSION = YES;
				CLANG_WARN_INT_CONVERSION = YES;
				CLANG_WARN_OBJC_ROOT_CLASS = YES_ERROR;
				CLANG_WARN_SUSPICIOUS_MOVE = YES;
				CLANG_WARN_UNREACHABLE_CODE = YES;
				CLANG_WARN__DUPLICATE_METHOD_MATCH = YES;
				"CODE_SIGN_IDENTITY[sdk=iphoneos*]" = "iPhone Developer";
				COPY_PHASE_STRIP = NO;
				DEBUG_INFORMATION_FORMAT = "dwarf-with-dsym";
				ENABLE_NS_ASSERTIONS = NO;
				ENABLE_STRICT_OBJC_MSGSEND = YES;
				GCC_C_LANGUAGE_STANDARD = gnu99;
				GCC_NO_COMMON_BLOCKS = YES;
				GCC_WARN_64_TO_32_BIT_CONVERSION = YES;
				GCC_WARN_ABOUT_RETURN_TYPE = YES_ERROR;
				GCC_WARN_UNDECLARED_SELECTOR = YES;
				GCC_WARN_UNINITIALIZED_AUTOS = YES_AGGRESSIVE;
				GCC_WARN_UNUSED_FUNCTION = YES;
				GCC_WARN_UNUSED_VARIABLE = YES;
				IPHONEOS_DEPLOYMENT_TARGET = 10.3;
				MTL_ENABLE_DEBUG_INFO = NO;
				SDKROOT = iphoneos;
				SWIFT_OPTIMIZATION_LEVEL = "-Owholemodule";
				VALIDATE_PRODUCT = YES;
			};
			name = Release;
		};
		742D90101F1CF7A4000B656E /* Debug */ = {
			isa = XCBuildConfiguration;
			baseConfigurationReference = CAC391EA048ECBD595D9E381 /* Pods-inu_cafeteria.debug.xcconfig */;
			buildSettings = {
				ASSETCATALOG_COMPILER_APPICON_NAME = AppIcon;
				CLANG_ENABLE_MODULES = YES;
				CODE_SIGN_ENTITLEMENTS = inu_cafeteria/inu_cafeteria.entitlements;
				DEVELOPMENT_TEAM = AANGG4Q668;
				INFOPLIST_FILE = inu_cafeteria/Info.plist;
				LD_RUNPATH_SEARCH_PATHS = "$(inherited) @executable_path/Frameworks";
				PRODUCT_BUNDLE_IDENTIFIER = "appcenter.inu.ac.kr.inu-cafeteria";
				PRODUCT_NAME = "$(TARGET_NAME)";
				SWIFT_OBJC_BRIDGING_HEADER = "inu_cafeteria/inu_cafeteria-Bridging-Header.h";
				SWIFT_OPTIMIZATION_LEVEL = "-Onone";
				SWIFT_VERSION = 3.0;
			};
			name = Debug;
		};
		742D90111F1CF7A4000B656E /* Release */ = {
			isa = XCBuildConfiguration;
			baseConfigurationReference = 2243B7A300FDCBCAA2CA145C /* Pods-inu_cafeteria.release.xcconfig */;
			buildSettings = {
				ASSETCATALOG_COMPILER_APPICON_NAME = AppIcon;
				CLANG_ENABLE_MODULES = YES;
				CODE_SIGN_ENTITLEMENTS = inu_cafeteria/inu_cafeteria.entitlements;
				DEVELOPMENT_TEAM = AANGG4Q668;
				INFOPLIST_FILE = inu_cafeteria/Info.plist;
				LD_RUNPATH_SEARCH_PATHS = "$(inherited) @executable_path/Frameworks";
				PRODUCT_BUNDLE_IDENTIFIER = "appcenter.inu.ac.kr.inu-cafeteria";
				PRODUCT_NAME = "$(TARGET_NAME)";
				SWIFT_OBJC_BRIDGING_HEADER = "inu_cafeteria/inu_cafeteria-Bridging-Header.h";
				SWIFT_VERSION = 3.0;
			};
			name = Release;
		};
/* End XCBuildConfiguration section */

/* Begin XCConfigurationList section */
		742D8FF81F1CF7A4000B656E /* Build configuration list for PBXProject "inu_cafeteria" */ = {
			isa = XCConfigurationList;
			buildConfigurations = (
				742D900D1F1CF7A4000B656E /* Debug */,
				742D900E1F1CF7A4000B656E /* Release */,
			);
			defaultConfigurationIsVisible = 0;
			defaultConfigurationName = Release;
		};
		742D900F1F1CF7A4000B656E /* Build configuration list for PBXNativeTarget "inu_cafeteria" */ = {
			isa = XCConfigurationList;
			buildConfigurations = (
				742D90101F1CF7A4000B656E /* Debug */,
				742D90111F1CF7A4000B656E /* Release */,
			);
			defaultConfigurationIsVisible = 0;
			defaultConfigurationName = Release;
		};
/* End XCConfigurationList section */
	};
	rootObject = 742D8FF51F1CF7A4000B656E /* Project object */;
}
